
Microsoft Visual Studio Solution File, Format Version 12.00
# Visual Studio Version 16
VisualStudioVersion = 16.0.30523.141
MinimumVisualStudioVersion = 10.0.40219.1
Project("{FAE04EC0-301F-11D3-BF4B-00C04F79EFBC}") = "QuanLyTiemThuocDongY", "QuanLyTiemThuocDongY\QuanLyTiemThuocDongY.csproj", "{4C61CE93-42BB-421C-B6B7-A86FD26B7613}"
EndProject
Global
	GlobalSection(SolutionConfigurationPlatforms) = preSolution
		Debug|Any CPU = Debug|Any CPU
		Release|Any CPU = Release|Any CPU
	EndGlobalSection
	GlobalSection(ProjectConfigurationPlatforms) = postSolution
		{4C61CE93-42BB-421C-B6B7-A86FD26B7613}.Debug|Any CPU.ActiveCfg = Debug|Any CPU
		{4C61CE93-42BB-421C-B6B7-A86FD26B7613}.Debug|Any CPU.Build.0 = Debug|Any CPU
		{4C61CE93-42BB-421C-B6B7-A86FD26B7613}.Release|Any CPU.ActiveCfg = Release|Any CPU
		{4C61CE93-42BB-421C-B6B7-A86FD26B7613}.Release|Any CPU.Build.0 = Release|Any CPU
	EndGlobalSection
	GlobalSection(SolutionProperties) = preSolution
		HideSolutionNode = FALSE
	EndGlobalSection
	GlobalSection(ExtensibilityGlobals) = postSolution
		SolutionGuid = {98F41ED2-6817-4B9B-9543-68C4B061FF6D}
	EndGlobalSection
EndGlobal
